
Microsoft Visual Studio Solution File, Format Version 12.00
# Visual Studio Version 17
VisualStudioVersion = 17.5.002.0
MinimumVisualStudioVersion = 10.0.40219.1
Project("{9A19103F-16F7-4668-BE54-9A1E7A4F7556}") = "LiveBlip", "LiveBlip\LiveBlip.csproj", "{4FED2AFB-F6CF-4095-A26B-4B6C5629E29E}"
EndProject
Project("{9A19103F-16F7-4668-BE54-9A1E7A4F7556}") = "TrackerService", "TrackerService\TrackerService.csproj", "{D7A011C7-6B3C-4291-A071-C9D2B7343FC4}"
EndProject
Project("{FAE04EC0-301F-11D3-BF4B-00C04F79EFBC}") = "Decode", "Decode\Decode.csproj", "{1D7EC0CD-AA27-4562-A19C-E607B3ADAE21}"
EndProject
Global
	GlobalSection(SolutionConfigurationPlatforms) = preSolution
		Debug|Any CPU = Debug|Any CPU
		Release|Any CPU = Release|Any CPU
	EndGlobalSection
	GlobalSection(ProjectConfigurationPlatforms) = postSolution
		{4FED2AFB-F6CF-4095-A26B-4B6C5629E29E}.Debug|Any CPU.ActiveCfg = Debug|Any CPU
		{4FED2AFB-F6CF-4095-A26B-4B6C5629E29E}.Debug|Any CPU.Build.0 = Debug|Any CPU
		{4FED2AFB-F6CF-4095-A26B-4B6C5629E29E}.Release|Any CPU.ActiveCfg = Release|Any CPU
		{4FED2AFB-F6CF-4095-A26B-4B6C5629E29E}.Release|Any CPU.Build.0 = Release|Any CPU
		{D7A011C7-6B3C-4291-A071-C9D2B7343FC4}.Debug|Any CPU.ActiveCfg = Debug|Any CPU
		{D7A011C7-6B3C-4291-A071-C9D2B7343FC4}.Debug|Any CPU.Build.0 = Debug|Any CPU
		{D7A011C7-6B3C-4291-A071-C9D2B7343FC4}.Release|Any CPU.ActiveCfg = Release|Any CPU
		{D7A011C7-6B3C-4291-A071-C9D2B7343FC4}.Release|Any CPU.Build.0 = Release|Any CPU
		{1D7EC0CD-AA27-4562-A19C-E607B3ADAE21}.Debug|Any CPU.ActiveCfg = Debug|Any CPU
		{1D7EC0CD-AA27-4562-A19C-E607B3ADAE21}.Debug|Any CPU.Build.0 = Debug|Any CPU
		{1D7EC0CD-AA27-4562-A19C-E607B3ADAE21}.Release|Any CPU.ActiveCfg = Release|Any CPU
		{1D7EC0CD-AA27-4562-A19C-E607B3ADAE21}.Release|Any CPU.Build.0 = Release|Any CPU
	EndGlobalSection
	GlobalSection(SolutionProperties) = preSolution
		HideSolutionNode = FALSE
	EndGlobalSection
	GlobalSection(ExtensibilityGlobals) = postSolution
		SolutionGuid = {EFF75B81-AEBC-43A9-9A86-DA642DA25C2D}
	EndGlobalSection
EndGlobal
